
Microsoft Visual Studio Solution File, Format Version 12.00
# Visual Studio 15
VisualStudioVersion = 15.0.26124.0
MinimumVisualStudioVersion = 15.0.26124.0
Project("{2150E333-8FDC-42A3-9474-1A3956D46DE8}") = "server", "server", "{CE4B48F8-4BA8-404A-BC74-713F91B290CF}"
EndProject
Project("{FAE04EC0-301F-11D3-BF4B-00C04F79EFBC}") = "data", "server\data\data.csproj", "{FD352186-98E7-4E22-A2ED-3C28A92EB33B}"
EndProject
Project("{2150E333-8FDC-42A3-9474-1A3956D46DE8}") = "src", "src", "{FB75E18D-863A-4FB9-BA2C-5D20DEBEC7D0}"
EndProject
Project("{FAE04EC0-301F-11D3-BF4B-00C04F79EFBC}") = "Domain", "server\src\Domain\Domain.csproj", "{1FA1E475-82B5-4104-991F-EFBF66C2462D}"
EndProject
Project("{FAE04EC0-301F-11D3-BF4B-00C04F79EFBC}") = "Persistence", "server\src\Persistence\Persistence.csproj", "{9E8B67FE-CE7C-4F22-AEAB-73C32F7B331F}"
EndProject
Project("{2150E333-8FDC-42A3-9474-1A3956D46DE8}") = "Infrastructure", "Infrastructure", "{D5473BB5-C967-4C7D-A63A-A3DF52A4A62C}"
EndProject
Project("{FAE04EC0-301F-11D3-BF4B-00C04F79EFBC}") = "Jobs", "server\src\Infrastructure\Jobs\Jobs.csproj", "{5FCEA176-D089-412F-9696-905993DF06EE}"
EndProject
Project("{FAE04EC0-301F-11D3-BF4B-00C04F79EFBC}") = "Mailer", "server\src\Infrastructure\Mailer\Mailer.csproj", "{BFE60A32-7EB8-4C36-B35B-85CADBBE59BC}"
EndProject
Project("{FAE04EC0-301F-11D3-BF4B-00C04F79EFBC}") = "Metrics", "server\src\Infrastructure\Metrics\Metrics.csproj", "{A93BC8C0-A733-4860-B1C5-E07C04DEB8B4}"
EndProject
Project("{FAE04EC0-301F-11D3-BF4B-00C04F79EFBC}") = "Office", "server\src\Infrastructure\Office\Office.csproj", "{B7CD5C96-043D-4AC6-A126-373CF1470837}"
EndProject
Project("{FAE04EC0-301F-11D3-BF4B-00C04F79EFBC}") = "Application", "server\src\Application\Application.csproj", "{68ED9932-7AA9-4518-A0C8-4E31A5717BD3}"
EndProject
Project("{2150E333-8FDC-42A3-9474-1A3956D46DE8}") = "Presentation", "Presentation", "{0C2FB903-E170-4766-8550-0F3CEC3D05D7}"
EndProject
Project("{FAE04EC0-301F-11D3-BF4B-00C04F79EFBC}") = "WebApi", "server\src\Presentation\WebApi\WebApi.csproj", "{B173FEB4-5BDF-4A02-8151-8B9C965FAD3D}"
EndProject
Project("{FAE04EC0-301F-11D3-BF4B-00C04F79EFBC}") = "Api", "server\src\Presentation\Api\Api.csproj", "{6CF57799-4CA6-466E-B8F9-42F95D5FC0CD}"
EndProject
Project("{2150E333-8FDC-42A3-9474-1A3956D46DE8}") = "tests", "tests", "{62D01A02-312B-47E2-A9E7-2EEFEE6744C1}"
EndProject
Project("{FAE04EC0-301F-11D3-BF4B-00C04F79EFBC}") = "Domain.UnitTests", "server\tests\Domain.UnitTests\Domain.UnitTests.csproj", "{74E70744-4E26-4DCD-B9C7-09E8668AEA1D}"
EndProject
Project("{FAE04EC0-301F-11D3-BF4B-00C04F79EFBC}") = "Application.UnitTests", "server\tests\Application.UnitTests\Application.UnitTests.csproj", "{1471B516-311A-470C-83B0-73CE4AE9EDB0}"
EndProject
Project("{2150E333-8FDC-42A3-9474-1A3956D46DE8}") = "Infrastructure.Tests", "Infrastructure.Tests", "{D95B5178-7D88-4D53-950C-E2DCF2F85F59}"
EndProject
Project("{FAE04EC0-301F-11D3-BF4B-00C04F79EFBC}") = "Jobs.IntergrationTests", "server\tests\Infrastructure.Tests\Jobs.IntergrationTests\Jobs.IntergrationTests.csproj", "{4DCFB9CF-57D1-408C-9509-BF2DD3E31498}"
EndProject
Project("{FAE04EC0-301F-11D3-BF4B-00C04F79EFBC}") = "Mailer.IntergrationTests", "server\tests\Infrastructure.Tests\Mailer.IntergrationTests\Mailer.IntergrationTests.csproj", "{8DE0F92A-855E-46B1-98D1-8E7DBAA7ED5F}"
EndProject
Project("{FAE04EC0-301F-11D3-BF4B-00C04F79EFBC}") = "Metrics.IntergrationTests", "server\tests\Infrastructure.Tests\Metrics.IntergrationTests\Metrics.IntergrationTests.csproj", "{F25CEF44-C81D-41D1-8927-C2BD54022B0E}"
EndProject
Project("{FAE04EC0-301F-11D3-BF4B-00C04F79EFBC}") = "Office.IntergrationTests", "server\tests\Infrastructure.Tests\Office.IntergrationTests\Office.IntergrationTests.csproj", "{219C55C4-AD69-4DBC-85E9-AA35D074E8A9}"
EndProject
Project("{FAE04EC0-301F-11D3-BF4B-00C04F79EFBC}") = "Persistence.IntergrationTests", "server\tests\Persistence.IntergrationTests\Persistence.IntergrationTests.csproj", "{75F196B8-3ECD-4F11-8F64-3BCD42B45D75}"
EndProject
Project("{2150E333-8FDC-42A3-9474-1A3956D46DE8}") = "Presentation.Tests", "Presentation.Tests", "{E300CB0A-D982-4A23-8B31-D8077EB6ED62}"
EndProject
Project("{FAE04EC0-301F-11D3-BF4B-00C04F79EFBC}") = "WebApi.IntergrationTests", "server\tests\Presentation.Tests\WebApi.IntergrationTests\WebApi.IntergrationTests.csproj", "{E80E7767-8895-486F-8DB7-72FA2C562442}"
EndProject
Project("{FAE04EC0-301F-11D3-BF4B-00C04F79EFBC}") = "Api.IntergrationTests", "server\tests\Presentation.Tests\Api.IntergrationTests\Api.IntergrationTests.csproj", "{CC7C2C99-28AB-4FD3-9E11-61967E57791F}"
EndProject
Project("{FAE04EC0-301F-11D3-BF4B-00C04F79EFBC}") = "tools", "server\tools\tools.csproj", "{2E30A53C-8C64-4FA7-8FC2-0A8D7A176592}"
EndProject
Global
	GlobalSection(SolutionConfigurationPlatforms) = preSolution
		Debug|Any CPU = Debug|Any CPU
		Debug|x64 = Debug|x64
		Debug|x86 = Debug|x86
		Release|Any CPU = Release|Any CPU
		Release|x64 = Release|x64
		Release|x86 = Release|x86
	EndGlobalSection
	GlobalSection(SolutionProperties) = preSolution
		HideSolutionNode = FALSE
	EndGlobalSection
	GlobalSection(ProjectConfigurationPlatforms) = postSolution
		{FD352186-98E7-4E22-A2ED-3C28A92EB33B}.Debug|Any CPU.ActiveCfg = Debug|Any CPU
		{FD352186-98E7-4E22-A2ED-3C28A92EB33B}.Debug|Any CPU.Build.0 = Debug|Any CPU
		{FD352186-98E7-4E22-A2ED-3C28A92EB33B}.Debug|x64.ActiveCfg = Debug|Any CPU
		{FD352186-98E7-4E22-A2ED-3C28A92EB33B}.Debug|x64.Build.0 = Debug|Any CPU
		{FD352186-98E7-4E22-A2ED-3C28A92EB33B}.Debug|x86.ActiveCfg = Debug|Any CPU
		{FD352186-98E7-4E22-A2ED-3C28A92EB33B}.Debug|x86.Build.0 = Debug|Any CPU
		{FD352186-98E7-4E22-A2ED-3C28A92EB33B}.Release|Any CPU.ActiveCfg = Release|Any CPU
		{FD352186-98E7-4E22-A2ED-3C28A92EB33B}.Release|Any CPU.Build.0 = Release|Any CPU
		{FD352186-98E7-4E22-A2ED-3C28A92EB33B}.Release|x64.ActiveCfg = Release|Any CPU
		{FD352186-98E7-4E22-A2ED-3C28A92EB33B}.Release|x64.Build.0 = Release|Any CPU
		{FD352186-98E7-4E22-A2ED-3C28A92EB33B}.Release|x86.ActiveCfg = Release|Any CPU
		{FD352186-98E7-4E22-A2ED-3C28A92EB33B}.Release|x86.Build.0 = Release|Any CPU
		{1FA1E475-82B5-4104-991F-EFBF66C2462D}.Debug|Any CPU.ActiveCfg = Debug|Any CPU
		{1FA1E475-82B5-4104-991F-EFBF66C2462D}.Debug|Any CPU.Build.0 = Debug|Any CPU
		{1FA1E475-82B5-4104-991F-EFBF66C2462D}.Debug|x64.ActiveCfg = Debug|Any CPU
		{1FA1E475-82B5-4104-991F-EFBF66C2462D}.Debug|x64.Build.0 = Debug|Any CPU
		{1FA1E475-82B5-4104-991F-EFBF66C2462D}.Debug|x86.ActiveCfg = Debug|Any CPU
		{1FA1E475-82B5-4104-991F-EFBF66C2462D}.Debug|x86.Build.0 = Debug|Any CPU
		{1FA1E475-82B5-4104-991F-EFBF66C2462D}.Release|Any CPU.ActiveCfg = Release|Any CPU
		{1FA1E475-82B5-4104-991F-EFBF66C2462D}.Release|Any CPU.Build.0 = Release|Any CPU
		{1FA1E475-82B5-4104-991F-EFBF66C2462D}.Release|x64.ActiveCfg = Release|Any CPU
		{1FA1E475-82B5-4104-991F-EFBF66C2462D}.Release|x64.Build.0 = Release|Any CPU
		{1FA1E475-82B5-4104-991F-EFBF66C2462D}.Release|x86.ActiveCfg = Release|Any CPU
		{1FA1E475-82B5-4104-991F-EFBF66C2462D}.Release|x86.Build.0 = Release|Any CPU
		{9E8B67FE-CE7C-4F22-AEAB-73C32F7B331F}.Debug|Any CPU.ActiveCfg = Debug|Any CPU
		{9E8B67FE-CE7C-4F22-AEAB-73C32F7B331F}.Debug|Any CPU.Build.0 = Debug|Any CPU
		{9E8B67FE-CE7C-4F22-AEAB-73C32F7B331F}.Debug|x64.ActiveCfg = Debug|Any CPU
		{9E8B67FE-CE7C-4F22-AEAB-73C32F7B331F}.Debug|x64.Build.0 = Debug|Any CPU
		{9E8B67FE-CE7C-4F22-AEAB-73C32F7B331F}.Debug|x86.ActiveCfg = Debug|Any CPU
		{9E8B67FE-CE7C-4F22-AEAB-73C32F7B331F}.Debug|x86.Build.0 = Debug|Any CPU
		{9E8B67FE-CE7C-4F22-AEAB-73C32F7B331F}.Release|Any CPU.ActiveCfg = Release|Any CPU
		{9E8B67FE-CE7C-4F22-AEAB-73C32F7B331F}.Release|Any CPU.Build.0 = Release|Any CPU
		{9E8B67FE-CE7C-4F22-AEAB-73C32F7B331F}.Release|x64.ActiveCfg = Release|Any CPU
		{9E8B67FE-CE7C-4F22-AEAB-73C32F7B331F}.Release|x64.Build.0 = Release|Any CPU
		{9E8B67FE-CE7C-4F22-AEAB-73C32F7B331F}.Release|x86.ActiveCfg = Release|Any CPU
		{9E8B67FE-CE7C-4F22-AEAB-73C32F7B331F}.Release|x86.Build.0 = Release|Any CPU
		{5FCEA176-D089-412F-9696-905993DF06EE}.Debug|Any CPU.ActiveCfg = Debug|Any CPU
		{5FCEA176-D089-412F-9696-905993DF06EE}.Debug|Any CPU.Build.0 = Debug|Any CPU
		{5FCEA176-D089-412F-9696-905993DF06EE}.Debug|x64.ActiveCfg = Debug|Any CPU
		{5FCEA176-D089-412F-9696-905993DF06EE}.Debug|x64.Build.0 = Debug|Any CPU
		{5FCEA176-D089-412F-9696-905993DF06EE}.Debug|x86.ActiveCfg = Debug|Any CPU
		{5FCEA176-D089-412F-9696-905993DF06EE}.Debug|x86.Build.0 = Debug|Any CPU
		{5FCEA176-D089-412F-9696-905993DF06EE}.Release|Any CPU.ActiveCfg = Release|Any CPU
		{5FCEA176-D089-412F-9696-905993DF06EE}.Release|Any CPU.Build.0 = Release|Any CPU
		{5FCEA176-D089-412F-9696-905993DF06EE}.Release|x64.ActiveCfg = Release|Any CPU
		{5FCEA176-D089-412F-9696-905993DF06EE}.Release|x64.Build.0 = Release|Any CPU
		{5FCEA176-D089-412F-9696-905993DF06EE}.Release|x86.ActiveCfg = Release|Any CPU
		{5FCEA176-D089-412F-9696-905993DF06EE}.Release|x86.Build.0 = Release|Any CPU
		{BFE60A32-7EB8-4C36-B35B-85CADBBE59BC}.Debug|Any CPU.ActiveCfg = Debug|Any CPU
		{BFE60A32-7EB8-4C36-B35B-85CADBBE59BC}.Debug|Any CPU.Build.0 = Debug|Any CPU
		{BFE60A32-7EB8-4C36-B35B-85CADBBE59BC}.Debug|x64.ActiveCfg = Debug|Any CPU
		{BFE60A32-7EB8-4C36-B35B-85CADBBE59BC}.Debug|x64.Build.0 = Debug|Any CPU
		{BFE60A32-7EB8-4C36-B35B-85CADBBE59BC}.Debug|x86.ActiveCfg = Debug|Any CPU
		{BFE60A32-7EB8-4C36-B35B-85CADBBE59BC}.Debug|x86.Build.0 = Debug|Any CPU
		{BFE60A32-7EB8-4C36-B35B-85CADBBE59BC}.Release|Any CPU.ActiveCfg = Release|Any CPU
		{BFE60A32-7EB8-4C36-B35B-85CADBBE59BC}.Release|Any CPU.Build.0 = Release|Any CPU
		{BFE60A32-7EB8-4C36-B35B-85CADBBE59BC}.Release|x64.ActiveCfg = Release|Any CPU
		{BFE60A32-7EB8-4C36-B35B-85CADBBE59BC}.Release|x64.Build.0 = Release|Any CPU
		{BFE60A32-7EB8-4C36-B35B-85CADBBE59BC}.Release|x86.ActiveCfg = Release|Any CPU
		{BFE60A32-7EB8-4C36-B35B-85CADBBE59BC}.Release|x86.Build.0 = Release|Any CPU
		{A93BC8C0-A733-4860-B1C5-E07C04DEB8B4}.Debug|Any CPU.ActiveCfg = Debug|Any CPU
		{A93BC8C0-A733-4860-B1C5-E07C04DEB8B4}.Debug|Any CPU.Build.0 = Debug|Any CPU
		{A93BC8C0-A733-4860-B1C5-E07C04DEB8B4}.Debug|x64.ActiveCfg = Debug|Any CPU
		{A93BC8C0-A733-4860-B1C5-E07C04DEB8B4}.Debug|x64.Build.0 = Debug|Any CPU
		{A93BC8C0-A733-4860-B1C5-E07C04DEB8B4}.Debug|x86.ActiveCfg = Debug|Any CPU
		{A93BC8C0-A733-4860-B1C5-E07C04DEB8B4}.Debug|x86.Build.0 = Debug|Any CPU
		{A93BC8C0-A733-4860-B1C5-E07C04DEB8B4}.Release|Any CPU.ActiveCfg = Release|Any CPU
		{A93BC8C0-A733-4860-B1C5-E07C04DEB8B4}.Release|Any CPU.Build.0 = Release|Any CPU
		{A93BC8C0-A733-4860-B1C5-E07C04DEB8B4}.Release|x64.ActiveCfg = Release|Any CPU
		{A93BC8C0-A733-4860-B1C5-E07C04DEB8B4}.Release|x64.Build.0 = Release|Any CPU
		{A93BC8C0-A733-4860-B1C5-E07C04DEB8B4}.Release|x86.ActiveCfg = Release|Any CPU
		{A93BC8C0-A733-4860-B1C5-E07C04DEB8B4}.Release|x86.Build.0 = Release|Any CPU
		{B7CD5C96-043D-4AC6-A126-373CF1470837}.Debug|Any CPU.ActiveCfg = Debug|Any CPU
		{B7CD5C96-043D-4AC6-A126-373CF1470837}.Debug|Any CPU.Build.0 = Debug|Any CPU
		{B7CD5C96-043D-4AC6-A126-373CF1470837}.Debug|x64.ActiveCfg = Debug|Any CPU
		{B7CD5C96-043D-4AC6-A126-373CF1470837}.Debug|x64.Build.0 = Debug|Any CPU
		{B7CD5C96-043D-4AC6-A126-373CF1470837}.Debug|x86.ActiveCfg = Debug|Any CPU
		{B7CD5C96-043D-4AC6-A126-373CF1470837}.Debug|x86.Build.0 = Debug|Any CPU
		{B7CD5C96-043D-4AC6-A126-373CF1470837}.Release|Any CPU.ActiveCfg = Release|Any CPU
		{B7CD5C96-043D-4AC6-A126-373CF1470837}.Release|Any CPU.Build.0 = Release|Any CPU
		{B7CD5C96-043D-4AC6-A126-373CF1470837}.Release|x64.ActiveCfg = Release|Any CPU
		{B7CD5C96-043D-4AC6-A126-373CF1470837}.Release|x64.Build.0 = Release|Any CPU
		{B7CD5C96-043D-4AC6-A126-373CF1470837}.Release|x86.ActiveCfg = Release|Any CPU
		{B7CD5C96-043D-4AC6-A126-373CF1470837}.Release|x86.Build.0 = Release|Any CPU
		{68ED9932-7AA9-4518-A0C8-4E31A5717BD3}.Debug|Any CPU.ActiveCfg = Debug|Any CPU
		{68ED9932-7AA9-4518-A0C8-4E31A5717BD3}.Debug|Any CPU.Build.0 = Debug|Any CPU
		{68ED9932-7AA9-4518-A0C8-4E31A5717BD3}.Debug|x64.ActiveCfg = Debug|Any CPU
		{68ED9932-7AA9-4518-A0C8-4E31A5717BD3}.Debug|x64.Build.0 = Debug|Any CPU
		{68ED9932-7AA9-4518-A0C8-4E31A5717BD3}.Debug|x86.ActiveCfg = Debug|Any CPU
		{68ED9932-7AA9-4518-A0C8-4E31A5717BD3}.Debug|x86.Build.0 = Debug|Any CPU
		{68ED9932-7AA9-4518-A0C8-4E31A5717BD3}.Release|Any CPU.ActiveCfg = Release|Any CPU
		{68ED9932-7AA9-4518-A0C8-4E31A5717BD3}.Release|Any CPU.Build.0 = Release|Any CPU
		{68ED9932-7AA9-4518-A0C8-4E31A5717BD3}.Release|x64.ActiveCfg = Release|Any CPU
		{68ED9932-7AA9-4518-A0C8-4E31A5717BD3}.Release|x64.Build.0 = Release|Any CPU
		{68ED9932-7AA9-4518-A0C8-4E31A5717BD3}.Release|x86.ActiveCfg = Release|Any CPU
		{68ED9932-7AA9-4518-A0C8-4E31A5717BD3}.Release|x86.Build.0 = Release|Any CPU
		{B173FEB4-5BDF-4A02-8151-8B9C965FAD3D}.Debug|Any CPU.ActiveCfg = Debug|Any CPU
		{B173FEB4-5BDF-4A02-8151-8B9C965FAD3D}.Debug|Any CPU.Build.0 = Debug|Any CPU
		{B173FEB4-5BDF-4A02-8151-8B9C965FAD3D}.Debug|x64.ActiveCfg = Debug|Any CPU
		{B173FEB4-5BDF-4A02-8151-8B9C965FAD3D}.Debug|x64.Build.0 = Debug|Any CPU
		{B173FEB4-5BDF-4A02-8151-8B9C965FAD3D}.Debug|x86.ActiveCfg = Debug|Any CPU
		{B173FEB4-5BDF-4A02-8151-8B9C965FAD3D}.Debug|x86.Build.0 = Debug|Any CPU
		{B173FEB4-5BDF-4A02-8151-8B9C965FAD3D}.Release|Any CPU.ActiveCfg = Release|Any CPU
		{B173FEB4-5BDF-4A02-8151-8B9C965FAD3D}.Release|Any CPU.Build.0 = Release|Any CPU
		{B173FEB4-5BDF-4A02-8151-8B9C965FAD3D}.Release|x64.ActiveCfg = Release|Any CPU
		{B173FEB4-5BDF-4A02-8151-8B9C965FAD3D}.Release|x64.Build.0 = Release|Any CPU
		{B173FEB4-5BDF-4A02-8151-8B9C965FAD3D}.Release|x86.ActiveCfg = Release|Any CPU
		{B173FEB4-5BDF-4A02-8151-8B9C965FAD3D}.Release|x86.Build.0 = Release|Any CPU
		{6CF57799-4CA6-466E-B8F9-42F95D5FC0CD}.Debug|Any CPU.ActiveCfg = Debug|Any CPU
		{6CF57799-4CA6-466E-B8F9-42F95D5FC0CD}.Debug|Any CPU.Build.0 = Debug|Any CPU
		{6CF57799-4CA6-466E-B8F9-42F95D5FC0CD}.Debug|x64.ActiveCfg = Debug|Any CPU
		{6CF57799-4CA6-466E-B8F9-42F95D5FC0CD}.Debug|x64.Build.0 = Debug|Any CPU
		{6CF57799-4CA6-466E-B8F9-42F95D5FC0CD}.Debug|x86.ActiveCfg = Debug|Any CPU
		{6CF57799-4CA6-466E-B8F9-42F95D5FC0CD}.Debug|x86.Build.0 = Debug|Any CPU
		{6CF57799-4CA6-466E-B8F9-42F95D5FC0CD}.Release|Any CPU.ActiveCfg = Release|Any CPU
		{6CF57799-4CA6-466E-B8F9-42F95D5FC0CD}.Release|Any CPU.Build.0 = Release|Any CPU
		{6CF57799-4CA6-466E-B8F9-42F95D5FC0CD}.Release|x64.ActiveCfg = Release|Any CPU
		{6CF57799-4CA6-466E-B8F9-42F95D5FC0CD}.Release|x64.Build.0 = Release|Any CPU
		{6CF57799-4CA6-466E-B8F9-42F95D5FC0CD}.Release|x86.ActiveCfg = Release|Any CPU
		{6CF57799-4CA6-466E-B8F9-42F95D5FC0CD}.Release|x86.Build.0 = Release|Any CPU
		{74E70744-4E26-4DCD-B9C7-09E8668AEA1D}.Debug|Any CPU.ActiveCfg = Debug|Any CPU
		{74E70744-4E26-4DCD-B9C7-09E8668AEA1D}.Debug|Any CPU.Build.0 = Debug|Any CPU
		{74E70744-4E26-4DCD-B9C7-09E8668AEA1D}.Debug|x64.ActiveCfg = Debug|Any CPU
		{74E70744-4E26-4DCD-B9C7-09E8668AEA1D}.Debug|x64.Build.0 = Debug|Any CPU
		{74E70744-4E26-4DCD-B9C7-09E8668AEA1D}.Debug|x86.ActiveCfg = Debug|Any CPU
		{74E70744-4E26-4DCD-B9C7-09E8668AEA1D}.Debug|x86.Build.0 = Debug|Any CPU
		{74E70744-4E26-4DCD-B9C7-09E8668AEA1D}.Release|Any CPU.ActiveCfg = Release|Any CPU
		{74E70744-4E26-4DCD-B9C7-09E8668AEA1D}.Release|Any CPU.Build.0 = Release|Any CPU
		{74E70744-4E26-4DCD-B9C7-09E8668AEA1D}.Release|x64.ActiveCfg = Release|Any CPU
		{74E70744-4E26-4DCD-B9C7-09E8668AEA1D}.Release|x64.Build.0 = Release|Any CPU
		{74E70744-4E26-4DCD-B9C7-09E8668AEA1D}.Release|x86.ActiveCfg = Release|Any CPU
		{74E70744-4E26-4DCD-B9C7-09E8668AEA1D}.Release|x86.Build.0 = Release|Any CPU
		{1471B516-311A-470C-83B0-73CE4AE9EDB0}.Debug|Any CPU.ActiveCfg = Debug|Any CPU
		{1471B516-311A-470C-83B0-73CE4AE9EDB0}.Debug|Any CPU.Build.0 = Debug|Any CPU
		{1471B516-311A-470C-83B0-73CE4AE9EDB0}.Debug|x64.ActiveCfg = Debug|Any CPU
		{1471B516-311A-470C-83B0-73CE4AE9EDB0}.Debug|x64.Build.0 = Debug|Any CPU
		{1471B516-311A-470C-83B0-73CE4AE9EDB0}.Debug|x86.ActiveCfg = Debug|Any CPU
		{1471B516-311A-470C-83B0-73CE4AE9EDB0}.Debug|x86.Build.0 = Debug|Any CPU
		{1471B516-311A-470C-83B0-73CE4AE9EDB0}.Release|Any CPU.ActiveCfg = Release|Any CPU
		{1471B516-311A-470C-83B0-73CE4AE9EDB0}.Release|Any CPU.Build.0 = Release|Any CPU
		{1471B516-311A-470C-83B0-73CE4AE9EDB0}.Release|x64.ActiveCfg = Release|Any CPU
		{1471B516-311A-470C-83B0-73CE4AE9EDB0}.Release|x64.Build.0 = Release|Any CPU
		{1471B516-311A-470C-83B0-73CE4AE9EDB0}.Release|x86.ActiveCfg = Release|Any CPU
		{1471B516-311A-470C-83B0-73CE4AE9EDB0}.Release|x86.Build.0 = Release|Any CPU
		{4DCFB9CF-57D1-408C-9509-BF2DD3E31498}.Debug|Any CPU.ActiveCfg = Debug|Any CPU
		{4DCFB9CF-57D1-408C-9509-BF2DD3E31498}.Debug|Any CPU.Build.0 = Debug|Any CPU
		{4DCFB9CF-57D1-408C-9509-BF2DD3E31498}.Debug|x64.ActiveCfg = Debug|Any CPU
		{4DCFB9CF-57D1-408C-9509-BF2DD3E31498}.Debug|x64.Build.0 = Debug|Any CPU
		{4DCFB9CF-57D1-408C-9509-BF2DD3E31498}.Debug|x86.ActiveCfg = Debug|Any CPU
		{4DCFB9CF-57D1-408C-9509-BF2DD3E31498}.Debug|x86.Build.0 = Debug|Any CPU
		{4DCFB9CF-57D1-408C-9509-BF2DD3E31498}.Release|Any CPU.ActiveCfg = Release|Any CPU
		{4DCFB9CF-57D1-408C-9509-BF2DD3E31498}.Release|Any CPU.Build.0 = Release|Any CPU
		{4DCFB9CF-57D1-408C-9509-BF2DD3E31498}.Release|x64.ActiveCfg = Release|Any CPU
		{4DCFB9CF-57D1-408C-9509-BF2DD3E31498}.Release|x64.Build.0 = Release|Any CPU
		{4DCFB9CF-57D1-408C-9509-BF2DD3E31498}.Release|x86.ActiveCfg = Release|Any CPU
		{4DCFB9CF-57D1-408C-9509-BF2DD3E31498}.Release|x86.Build.0 = Release|Any CPU
		{8DE0F92A-855E-46B1-98D1-8E7DBAA7ED5F}.Debug|Any CPU.ActiveCfg = Debug|Any CPU
		{8DE0F92A-855E-46B1-98D1-8E7DBAA7ED5F}.Debug|Any CPU.Build.0 = Debug|Any CPU
		{8DE0F92A-855E-46B1-98D1-8E7DBAA7ED5F}.Debug|x64.ActiveCfg = Debug|Any CPU
		{8DE0F92A-855E-46B1-98D1-8E7DBAA7ED5F}.Debug|x64.Build.0 = Debug|Any CPU
		{8DE0F92A-855E-46B1-98D1-8E7DBAA7ED5F}.Debug|x86.ActiveCfg = Debug|Any CPU
		{8DE0F92A-855E-46B1-98D1-8E7DBAA7ED5F}.Debug|x86.Build.0 = Debug|Any CPU
		{8DE0F92A-855E-46B1-98D1-8E7DBAA7ED5F}.Release|Any CPU.ActiveCfg = Release|Any CPU
		{8DE0F92A-855E-46B1-98D1-8E7DBAA7ED5F}.Release|Any CPU.Build.0 = Release|Any CPU
		{8DE0F92A-855E-46B1-98D1-8E7DBAA7ED5F}.Release|x64.ActiveCfg = Release|Any CPU
		{8DE0F92A-855E-46B1-98D1-8E7DBAA7ED5F}.Release|x64.Build.0 = Release|Any CPU
		{8DE0F92A-855E-46B1-98D1-8E7DBAA7ED5F}.Release|x86.ActiveCfg = Release|Any CPU
		{8DE0F92A-855E-46B1-98D1-8E7DBAA7ED5F}.Release|x86.Build.0 = Release|Any CPU
		{F25CEF44-C81D-41D1-8927-C2BD54022B0E}.Debug|Any CPU.ActiveCfg = Debug|Any CPU
		{F25CEF44-C81D-41D1-8927-C2BD54022B0E}.Debug|Any CPU.Build.0 = Debug|Any CPU
		{F25CEF44-C81D-41D1-8927-C2BD54022B0E}.Debug|x64.ActiveCfg = Debug|Any CPU
		{F25CEF44-C81D-41D1-8927-C2BD54022B0E}.Debug|x64.Build.0 = Debug|Any CPU
		{F25CEF44-C81D-41D1-8927-C2BD54022B0E}.Debug|x86.ActiveCfg = Debug|Any CPU
		{F25CEF44-C81D-41D1-8927-C2BD54022B0E}.Debug|x86.Build.0 = Debug|Any CPU
		{F25CEF44-C81D-41D1-8927-C2BD54022B0E}.Release|Any CPU.ActiveCfg = Release|Any CPU
		{F25CEF44-C81D-41D1-8927-C2BD54022B0E}.Release|Any CPU.Build.0 = Release|Any CPU
		{F25CEF44-C81D-41D1-8927-C2BD54022B0E}.Release|x64.ActiveCfg = Release|Any CPU
		{F25CEF44-C81D-41D1-8927-C2BD54022B0E}.Release|x64.Build.0 = Release|Any CPU
		{F25CEF44-C81D-41D1-8927-C2BD54022B0E}.Release|x86.ActiveCfg = Release|Any CPU
		{F25CEF44-C81D-41D1-8927-C2BD54022B0E}.Release|x86.Build.0 = Release|Any CPU
		{219C55C4-AD69-4DBC-85E9-AA35D074E8A9}.Debug|Any CPU.ActiveCfg = Debug|Any CPU
		{219C55C4-AD69-4DBC-85E9-AA35D074E8A9}.Debug|Any CPU.Build.0 = Debug|Any CPU
		{219C55C4-AD69-4DBC-85E9-AA35D074E8A9}.Debug|x64.ActiveCfg = Debug|Any CPU
		{219C55C4-AD69-4DBC-85E9-AA35D074E8A9}.Debug|x64.Build.0 = Debug|Any CPU
		{219C55C4-AD69-4DBC-85E9-AA35D074E8A9}.Debug|x86.ActiveCfg = Debug|Any CPU
		{219C55C4-AD69-4DBC-85E9-AA35D074E8A9}.Debug|x86.Build.0 = Debug|Any CPU
		{219C55C4-AD69-4DBC-85E9-AA35D074E8A9}.Release|Any CPU.ActiveCfg = Release|Any CPU
		{219C55C4-AD69-4DBC-85E9-AA35D074E8A9}.Release|Any CPU.Build.0 = Release|Any CPU
		{219C55C4-AD69-4DBC-85E9-AA35D074E8A9}.Release|x64.ActiveCfg = Release|Any CPU
		{219C55C4-AD69-4DBC-85E9-AA35D074E8A9}.Release|x64.Build.0 = Release|Any CPU
		{219C55C4-AD69-4DBC-85E9-AA35D074E8A9}.Release|x86.ActiveCfg = Release|Any CPU
		{219C55C4-AD69-4DBC-85E9-AA35D074E8A9}.Release|x86.Build.0 = Release|Any CPU
		{75F196B8-3ECD-4F11-8F64-3BCD42B45D75}.Debug|Any CPU.ActiveCfg = Debug|Any CPU
		{75F196B8-3ECD-4F11-8F64-3BCD42B45D75}.Debug|Any CPU.Build.0 = Debug|Any CPU
		{75F196B8-3ECD-4F11-8F64-3BCD42B45D75}.Debug|x64.ActiveCfg = Debug|Any CPU
		{75F196B8-3ECD-4F11-8F64-3BCD42B45D75}.Debug|x64.Build.0 = Debug|Any CPU
		{75F196B8-3ECD-4F11-8F64-3BCD42B45D75}.Debug|x86.ActiveCfg = Debug|Any CPU
		{75F196B8-3ECD-4F11-8F64-3BCD42B45D75}.Debug|x86.Build.0 = Debug|Any CPU
		{75F196B8-3ECD-4F11-8F64-3BCD42B45D75}.Release|Any CPU.ActiveCfg = Release|Any CPU
		{75F196B8-3ECD-4F11-8F64-3BCD42B45D75}.Release|Any CPU.Build.0 = Release|Any CPU
		{75F196B8-3ECD-4F11-8F64-3BCD42B45D75}.Release|x64.ActiveCfg = Release|Any CPU
		{75F196B8-3ECD-4F11-8F64-3BCD42B45D75}.Release|x64.Build.0 = Release|Any CPU
		{75F196B8-3ECD-4F11-8F64-3BCD42B45D75}.Release|x86.ActiveCfg = Release|Any CPU
		{75F196B8-3ECD-4F11-8F64-3BCD42B45D75}.Release|x86.Build.0 = Release|Any CPU
		{E80E7767-8895-486F-8DB7-72FA2C562442}.Debug|Any CPU.ActiveCfg = Debug|Any CPU
		{E80E7767-8895-486F-8DB7-72FA2C562442}.Debug|Any CPU.Build.0 = Debug|Any CPU
		{E80E7767-8895-486F-8DB7-72FA2C562442}.Debug|x64.ActiveCfg = Debug|Any CPU
		{E80E7767-8895-486F-8DB7-72FA2C562442}.Debug|x64.Build.0 = Debug|Any CPU
		{E80E7767-8895-486F-8DB7-72FA2C562442}.Debug|x86.ActiveCfg = Debug|Any CPU
		{E80E7767-8895-486F-8DB7-72FA2C562442}.Debug|x86.Build.0 = Debug|Any CPU
		{E80E7767-8895-486F-8DB7-72FA2C562442}.Release|Any CPU.ActiveCfg = Release|Any CPU
		{E80E7767-8895-486F-8DB7-72FA2C562442}.Release|Any CPU.Build.0 = Release|Any CPU
		{E80E7767-8895-486F-8DB7-72FA2C562442}.Release|x64.ActiveCfg = Release|Any CPU
		{E80E7767-8895-486F-8DB7-72FA2C562442}.Release|x64.Build.0 = Release|Any CPU
		{E80E7767-8895-486F-8DB7-72FA2C562442}.Release|x86.ActiveCfg = Release|Any CPU
		{E80E7767-8895-486F-8DB7-72FA2C562442}.Release|x86.Build.0 = Release|Any CPU
		{CC7C2C99-28AB-4FD3-9E11-61967E57791F}.Debug|Any CPU.ActiveCfg = Debug|Any CPU
		{CC7C2C99-28AB-4FD3-9E11-61967E57791F}.Debug|Any CPU.Build.0 = Debug|Any CPU
		{CC7C2C99-28AB-4FD3-9E11-61967E57791F}.Debug|x64.ActiveCfg = Debug|Any CPU
		{CC7C2C99-28AB-4FD3-9E11-61967E57791F}.Debug|x64.Build.0 = Debug|Any CPU
		{CC7C2C99-28AB-4FD3-9E11-61967E57791F}.Debug|x86.ActiveCfg = Debug|Any CPU
		{CC7C2C99-28AB-4FD3-9E11-61967E57791F}.Debug|x86.Build.0 = Debug|Any CPU
		{CC7C2C99-28AB-4FD3-9E11-61967E57791F}.Release|Any CPU.ActiveCfg = Release|Any CPU
		{CC7C2C99-28AB-4FD3-9E11-61967E57791F}.Release|Any CPU.Build.0 = Release|Any CPU
		{CC7C2C99-28AB-4FD3-9E11-61967E57791F}.Release|x64.ActiveCfg = Release|Any CPU
		{CC7C2C99-28AB-4FD3-9E11-61967E57791F}.Release|x64.Build.0 = Release|Any CPU
		{CC7C2C99-28AB-4FD3-9E11-61967E57791F}.Release|x86.ActiveCfg = Release|Any CPU
		{CC7C2C99-28AB-4FD3-9E11-61967E57791F}.Release|x86.Build.0 = Release|Any CPU
		{2E30A53C-8C64-4FA7-8FC2-0A8D7A176592}.Debug|Any CPU.ActiveCfg = Debug|Any CPU
		{2E30A53C-8C64-4FA7-8FC2-0A8D7A176592}.Debug|Any CPU.Build.0 = Debug|Any CPU
		{2E30A53C-8C64-4FA7-8FC2-0A8D7A176592}.Debug|x64.ActiveCfg = Debug|Any CPU
		{2E30A53C-8C64-4FA7-8FC2-0A8D7A176592}.Debug|x64.Build.0 = Debug|Any CPU
		{2E30A53C-8C64-4FA7-8FC2-0A8D7A176592}.Debug|x86.ActiveCfg = Debug|Any CPU
		{2E30A53C-8C64-4FA7-8FC2-0A8D7A176592}.Debug|x86.Build.0 = Debug|Any CPU
		{2E30A53C-8C64-4FA7-8FC2-0A8D7A176592}.Release|Any CPU.ActiveCfg = Release|Any CPU
		{2E30A53C-8C64-4FA7-8FC2-0A8D7A176592}.Release|Any CPU.Build.0 = Release|Any CPU
		{2E30A53C-8C64-4FA7-8FC2-0A8D7A176592}.Release|x64.ActiveCfg = Release|Any CPU
		{2E30A53C-8C64-4FA7-8FC2-0A8D7A176592}.Release|x64.Build.0 = Release|Any CPU
		{2E30A53C-8C64-4FA7-8FC2-0A8D7A176592}.Release|x86.ActiveCfg = Release|Any CPU
		{2E30A53C-8C64-4FA7-8FC2-0A8D7A176592}.Release|x86.Build.0 = Release|Any CPU
	EndGlobalSection
	GlobalSection(NestedProjects) = preSolution
		{FD352186-98E7-4E22-A2ED-3C28A92EB33B} = {CE4B48F8-4BA8-404A-BC74-713F91B290CF}
		{FB75E18D-863A-4FB9-BA2C-5D20DEBEC7D0} = {CE4B48F8-4BA8-404A-BC74-713F91B290CF}
		{1FA1E475-82B5-4104-991F-EFBF66C2462D} = {FB75E18D-863A-4FB9-BA2C-5D20DEBEC7D0}
		{9E8B67FE-CE7C-4F22-AEAB-73C32F7B331F} = {FB75E18D-863A-4FB9-BA2C-5D20DEBEC7D0}
		{D5473BB5-C967-4C7D-A63A-A3DF52A4A62C} = {FB75E18D-863A-4FB9-BA2C-5D20DEBEC7D0}
		{5FCEA176-D089-412F-9696-905993DF06EE} = {D5473BB5-C967-4C7D-A63A-A3DF52A4A62C}
		{BFE60A32-7EB8-4C36-B35B-85CADBBE59BC} = {D5473BB5-C967-4C7D-A63A-A3DF52A4A62C}
		{A93BC8C0-A733-4860-B1C5-E07C04DEB8B4} = {D5473BB5-C967-4C7D-A63A-A3DF52A4A62C}
		{B7CD5C96-043D-4AC6-A126-373CF1470837} = {D5473BB5-C967-4C7D-A63A-A3DF52A4A62C}
		{68ED9932-7AA9-4518-A0C8-4E31A5717BD3} = {FB75E18D-863A-4FB9-BA2C-5D20DEBEC7D0}
		{0C2FB903-E170-4766-8550-0F3CEC3D05D7} = {FB75E18D-863A-4FB9-BA2C-5D20DEBEC7D0}
		{B173FEB4-5BDF-4A02-8151-8B9C965FAD3D} = {0C2FB903-E170-4766-8550-0F3CEC3D05D7}
		{6CF57799-4CA6-466E-B8F9-42F95D5FC0CD} = {0C2FB903-E170-4766-8550-0F3CEC3D05D7}
		{62D01A02-312B-47E2-A9E7-2EEFEE6744C1} = {CE4B48F8-4BA8-404A-BC74-713F91B290CF}
		{74E70744-4E26-4DCD-B9C7-09E8668AEA1D} = {62D01A02-312B-47E2-A9E7-2EEFEE6744C1}
		{1471B516-311A-470C-83B0-73CE4AE9EDB0} = {62D01A02-312B-47E2-A9E7-2EEFEE6744C1}
		{D95B5178-7D88-4D53-950C-E2DCF2F85F59} = {62D01A02-312B-47E2-A9E7-2EEFEE6744C1}
		{4DCFB9CF-57D1-408C-9509-BF2DD3E31498} = {D95B5178-7D88-4D53-950C-E2DCF2F85F59}
		{8DE0F92A-855E-46B1-98D1-8E7DBAA7ED5F} = {D95B5178-7D88-4D53-950C-E2DCF2F85F59}
		{F25CEF44-C81D-41D1-8927-C2BD54022B0E} = {D95B5178-7D88-4D53-950C-E2DCF2F85F59}
		{219C55C4-AD69-4DBC-85E9-AA35D074E8A9} = {D95B5178-7D88-4D53-950C-E2DCF2F85F59}
		{75F196B8-3ECD-4F11-8F64-3BCD42B45D75} = {62D01A02-312B-47E2-A9E7-2EEFEE6744C1}
		{E300CB0A-D982-4A23-8B31-D8077EB6ED62} = {62D01A02-312B-47E2-A9E7-2EEFEE6744C1}
		{E80E7767-8895-486F-8DB7-72FA2C562442} = {E300CB0A-D982-4A23-8B31-D8077EB6ED62}
		{CC7C2C99-28AB-4FD3-9E11-61967E57791F} = {E300CB0A-D982-4A23-8B31-D8077EB6ED62}
		{2E30A53C-8C64-4FA7-8FC2-0A8D7A176592} = {CE4B48F8-4BA8-404A-BC74-713F91B290CF}
	EndGlobalSection
EndGlobal
